
Microsoft Visual Studio Solution File, Format Version 12.00
# Visual Studio Version 17
VisualStudioVersion = 17.2.32516.85
MinimumVisualStudioVersion = 10.0.40219.1
Project("{FAE04EC0-301F-11D3-BF4B-00C04F79EFBC}") = "KendimiTanitiyorum.Web", "KendimiTanitiyorum.Web\KendimiTanitiyorum.Web.csproj", "{F44AAAFE-D033-4F81-B559-B509E201266E}"
EndProject
Global
	GlobalSection(SolutionConfigurationPlatforms) = preSolution
		Debug|Any CPU = Debug|Any CPU
		Release|Any CPU = Release|Any CPU
	EndGlobalSection
	GlobalSection(ProjectConfigurationPlatforms) = postSolution
		{F44AAAFE-D033-4F81-B559-B509E201266E}.Debug|Any CPU.ActiveCfg = Debug|Any CPU
		{F44AAAFE-D033-4F81-B559-B509E201266E}.Debug|Any CPU.Build.0 = Debug|Any CPU
		{F44AAAFE-D033-4F81-B559-B509E201266E}.Release|Any CPU.ActiveCfg = Release|Any CPU
		{F44AAAFE-D033-4F81-B559-B509E201266E}.Release|Any CPU.Build.0 = Release|Any CPU
	EndGlobalSection
	GlobalSection(SolutionProperties) = preSolution
		HideSolutionNode = FALSE
	EndGlobalSection
	GlobalSection(ExtensibilityGlobals) = postSolution
		SolutionGuid = {16AE10FA-07E1-4C1D-A679-5F45712E68D1}
	EndGlobalSection
EndGlobal
